// !$*UTF8*$!
{
	archiveVersion = 1;
	classes = {
	};
	objectVersion = 77;
	objects = {

/* Begin PBXBuildFile section */
		01C3E6BB038B69F93DDBF257 /* AppIcon.icon in Resources */ = {isa = PBXBuildFile; fileRef = E1389DD3A1C02E91BD83F963 /* AppIcon.icon */; };
		09D39AB01C40DFE6902AD567 /* DiagnosticsView.swift in Sources */ = {isa = PBXBuildFile; fileRef = D288AA87854E67BA12387175 /* DiagnosticsView.swift */; };
		0C259DA1AECD94AE49A3FA58 /* GeistVariable-Italic.ttf in Resources */ = {isa = PBXBuildFile; fileRef = 18EBB27FDC7B355AA673489A /* GeistVariable-Italic.ttf */; };
		0C272D89A8C312C5F159B8C9 /* PermissionRecoveryView.swift in Sources */ = {isa = PBXBuildFile; fileRef = B90FF9FC3E0075A06756D8E9 /* PermissionRecoveryView.swift */; };
		0D516C4F502BAE0251244C28 /* PrivacyAcknowledgementSheet.swift in Sources */ = {isa = PBXBuildFile; fileRef = 6F23A10E43C31C93C04800EE /* PrivacyAcknowledgementSheet.swift */; };
		1C89DA0657DF0F920EB76FEE /* SavedNotificationWindow.swift in Sources */ = {isa = PBXBuildFile; fileRef = B9437F7D84ECAFD4F230BE94 /* SavedNotificationWindow.swift */; };
		1F0E519C3B4872D9211EF647 /* PromptModalWindow.swift in Sources */ = {isa = PBXBuildFile; fileRef = D3C468EBA4427F91A9B8B710 /* PromptModalWindow.swift */; };
		2309E1022B0975FCBE460DC9 /* Geist-OFL.txt in Resources */ = {isa = PBXBuildFile; fileRef = 223F8F991BFCA69CD8E77665 /* Geist-OFL.txt */; };
		3BCF9C0AD183E210838D5AB7 /* JetBrainsMono-OFL.txt in Resources */ = {isa = PBXBuildFile; fileRef = AC557FEA1022E74AC7FB2AAB /* JetBrainsMono-OFL.txt */; };
		4BFDDA76C0E73479FA385BC5 /* JetBrainsMonoVariable-Italic.ttf in Resources */ = {isa = PBXBuildFile; fileRef = 24F4582EC33FD01ACF85F684 /* JetBrainsMonoVariable-Italic.ttf */; };
		4EF168E02CA5FD65843B8E55 /* GeistVariable.ttf in Resources */ = {isa = PBXBuildFile; fileRef = A24F32984A71E09395513545 /* GeistVariable.ttf */; };
		58FA6F896CE30C27264BF0D7 /* AppDelegate.swift in Sources */ = {isa = PBXBuildFile; fileRef = 3711DECCD9B3CE4D5706D0B9 /* AppDelegate.swift */; };
		69D35C9D594B8F1F1EB96A53 /* SettingsWindow.swift in Sources */ = {isa = PBXBuildFile; fileRef = 45C6B78097708D59228C8C65 /* SettingsWindow.swift */; };
		7BCCA0F4C6CB7120F33561C9 /* OnboardingWindow.swift in Sources */ = {isa = PBXBuildFile; fileRef = 1E8ED07528CA7F15CB8B5834 /* OnboardingWindow.swift */; };
		8877FAD6AC64AD127C558876 /* InterVariable.ttf in Resources */ = {isa = PBXBuildFile; fileRef = 58A882D385FAA4B8E18A3F86 /* InterVariable.ttf */; };
		9CD0F558E5365D845331221D /* AppearanceTheme+App.swift in Sources */ = {isa = PBXBuildFile; fileRef = 9FF1169DE13EDF8BFBC377C2 /* AppearanceTheme+App.swift */; };
		AC05914D15CD5ED7E54877EB /* InterVariable-Italic.ttf in Resources */ = {isa = PBXBuildFile; fileRef = 1B7103EC351C0B317B030CEB /* InterVariable-Italic.ttf */; };
		AEAA426E81A7A6BBCAA85455 /* RecordingMenu.swift in Sources */ = {isa = PBXBuildFile; fileRef = 030D0A67E77F17BEE72A9129 /* RecordingMenu.swift */; };
		AFE235F52485B1F5D7F52259 /* EndCountdownWindow.swift in Sources */ = {isa = PBXBuildFile; fileRef = 57A418554CCA692B873FA2E4 /* EndCountdownWindow.swift */; };
		B223389DD6B7D6F3AF1292C6 /* TranscriberCore in Frameworks */ = {isa = PBXBuildFile; productRef = 2EDDA034869C7657525F12C7 /* TranscriberCore */; };
		C2A96AB7EE98B8202FA6E08D /* Inter-LICENSE.txt in Resources */ = {isa = PBXBuildFile; fileRef = E5F59C608909E8E52F4CC15A /* Inter-LICENSE.txt */; };
		C4457AFB46EBCC8F7A30D469 /* ScribeApp.swift in Sources */ = {isa = PBXBuildFile; fileRef = 572ACD849DC28AE0C35FCA9B /* ScribeApp.swift */; };
		C88C5DC6D949DB3B9964300E /* DesignSystem.swift in Sources */ = {isa = PBXBuildFile; fileRef = D529955956249F0700BFFD73 /* DesignSystem.swift */; };
		E5C6D97873E51C84CF16DE83 /* GeistMonoVariable.ttf in Resources */ = {isa = PBXBuildFile; fileRef = E1AD54C2365F26003491870B /* GeistMonoVariable.ttf */; };
		E779DA60BCB9E871BE08B542 /* StartPromptCoordinator.swift in Sources */ = {isa = PBXBuildFile; fileRef = 21F39003E93011F1694EF2DD /* StartPromptCoordinator.swift */; };
		EAE5D4E4120F7F855B7ADB6D /* MLXAudioSTT in Frameworks */ = {isa = PBXBuildFile; productRef = 2F343A2DF12DC4D575CEA724 /* MLXAudioSTT */; };
		EB0FA60A0BD3F50F9FACC252 /* MLXAudioCore in Frameworks */ = {isa = PBXBuildFile; productRef = BF1DD1FF53036826C2308046 /* MLXAudioCore */; };
		EEC5742F1E4892468EEF2EDD /* JetBrainsMonoVariable.ttf in Resources */ = {isa = PBXBuildFile; fileRef = 71044992EBA5AF0C0CFA48D2 /* JetBrainsMonoVariable.ttf */; };
		EF5D4FEAEFA414739B13C991 /* GeistMonoVariable-Italic.ttf in Resources */ = {isa = PBXBuildFile; fileRef = D8B6D8B78285F246A1264A86 /* GeistMonoVariable-Italic.ttf */; };
		F6EB18EEAA041A038DFC5752 /* Assets.xcassets in Resources */ = {isa = PBXBuildFile; fileRef = 0D9B56D3A82F894C60EF067C /* Assets.xcassets */; };
/* End PBXBuildFile section */

/* Begin PBXFileReference section */
		030D0A67E77F17BEE72A9129 /* RecordingMenu.swift */ = {isa = PBXFileReference; lastKnownFileType = sourcecode.swift; path = RecordingMenu.swift; sourceTree = "<group>"; };
		0D9B56D3A82F894C60EF067C /* Assets.xcassets */ = {isa = PBXFileReference; lastKnownFileType = folder.assetcatalog; path = Assets.xcassets; sourceTree = "<group>"; };
		11345C81116DC36BA7419B25 /* Scribe.app */ = {isa = PBXFileReference; explicitFileType = wrapper.application; includeInIndex = 0; path = Scribe.app; sourceTree = BUILT_PRODUCTS_DIR; };
		18EBB27FDC7B355AA673489A /* GeistVariable-Italic.ttf */ = {isa = PBXFileReference; lastKnownFileType = file; path = "GeistVariable-Italic.ttf"; sourceTree = "<group>"; };
		1B7103EC351C0B317B030CEB /* InterVariable-Italic.ttf */ = {isa = PBXFileReference; lastKnownFileType = file; path = "InterVariable-Italic.ttf"; sourceTree = "<group>"; };
		1E8ED07528CA7F15CB8B5834 /* OnboardingWindow.swift */ = {isa = PBXFileReference; lastKnownFileType = sourcecode.swift; path = OnboardingWindow.swift; sourceTree = "<group>"; };
		21F39003E93011F1694EF2DD /* StartPromptCoordinator.swift */ = {isa = PBXFileReference; lastKnownFileType = sourcecode.swift; path = StartPromptCoordinator.swift; sourceTree = "<group>"; };
		223F8F991BFCA69CD8E77665 /* Geist-OFL.txt */ = {isa = PBXFileReference; lastKnownFileType = text; path = "Geist-OFL.txt"; sourceTree = "<group>"; };
		24F4582EC33FD01ACF85F684 /* JetBrainsMonoVariable-Italic.ttf */ = {isa = PBXFileReference; lastKnownFileType = file; path = "JetBrainsMonoVariable-Italic.ttf"; sourceTree = "<group>"; };
		30394EB942C19977C42FEF94 /* scribe */ = {isa = PBXFileReference; lastKnownFileType = folder; name = scribe; path = ..; sourceTree = SOURCE_ROOT; };
		3711DECCD9B3CE4D5706D0B9 /* AppDelegate.swift */ = {isa = PBXFileReference; lastKnownFileType = sourcecode.swift; path = AppDelegate.swift; sourceTree = "<group>"; };
		45C6B78097708D59228C8C65 /* SettingsWindow.swift */ = {isa = PBXFileReference; lastKnownFileType = sourcecode.swift; path = SettingsWindow.swift; sourceTree = "<group>"; };
		572ACD849DC28AE0C35FCA9B /* ScribeApp.swift */ = {isa = PBXFileReference; lastKnownFileType = sourcecode.swift; path = ScribeApp.swift; sourceTree = "<group>"; };
		57A418554CCA692B873FA2E4 /* EndCountdownWindow.swift */ = {isa = PBXFileReference; lastKnownFileType = sourcecode.swift; path = EndCountdownWindow.swift; sourceTree = "<group>"; };
		58A882D385FAA4B8E18A3F86 /* InterVariable.ttf */ = {isa = PBXFileReference; lastKnownFileType = file; path = InterVariable.ttf; sourceTree = "<group>"; };
		6F23A10E43C31C93C04800EE /* PrivacyAcknowledgementSheet.swift */ = {isa = PBXFileReference; lastKnownFileType = sourcecode.swift; path = PrivacyAcknowledgementSheet.swift; sourceTree = "<group>"; };
		71044992EBA5AF0C0CFA48D2 /* JetBrainsMonoVariable.ttf */ = {isa = PBXFileReference; lastKnownFileType = file; path = JetBrainsMonoVariable.ttf; sourceTree = "<group>"; };
		9FF1169DE13EDF8BFBC377C2 /* AppearanceTheme+App.swift */ = {isa = PBXFileReference; lastKnownFileType = sourcecode.swift; path = "AppearanceTheme+App.swift"; sourceTree = "<group>"; };
		A24F32984A71E09395513545 /* GeistVariable.ttf */ = {isa = PBXFileReference; lastKnownFileType = file; path = GeistVariable.ttf; sourceTree = "<group>"; };
		AC557FEA1022E74AC7FB2AAB /* JetBrainsMono-OFL.txt */ = {isa = PBXFileReference; lastKnownFileType = text; path = "JetBrainsMono-OFL.txt"; sourceTree = "<group>"; };
		B90FF9FC3E0075A06756D8E9 /* PermissionRecoveryView.swift */ = {isa = PBXFileReference; lastKnownFileType = sourcecode.swift; path = PermissionRecoveryView.swift; sourceTree = "<group>"; };
		B9437F7D84ECAFD4F230BE94 /* SavedNotificationWindow.swift */ = {isa = PBXFileReference; lastKnownFileType = sourcecode.swift; path = SavedNotificationWindow.swift; sourceTree = "<group>"; };
		D288AA87854E67BA12387175 /* DiagnosticsView.swift */ = {isa = PBXFileReference; lastKnownFileType = sourcecode.swift; path = DiagnosticsView.swift; sourceTree = "<group>"; };
		D3C468EBA4427F91A9B8B710 /* PromptModalWindow.swift */ = {isa = PBXFileReference; lastKnownFileType = sourcecode.swift; path = PromptModalWindow.swift; sourceTree = "<group>"; };
		D529955956249F0700BFFD73 /* DesignSystem.swift */ = {isa = PBXFileReference; lastKnownFileType = sourcecode.swift; path = DesignSystem.swift; sourceTree = "<group>"; };
		D8B6D8B78285F246A1264A86 /* GeistMonoVariable-Italic.ttf */ = {isa = PBXFileReference; lastKnownFileType = file; path = "GeistMonoVariable-Italic.ttf"; sourceTree = "<group>"; };
		E1389DD3A1C02E91BD83F963 /* AppIcon.icon */ = {isa = PBXFileReference; lastKnownFileType = wrapper.icon; path = AppIcon.icon; sourceTree = "<group>"; };
		E1AD54C2365F26003491870B /* GeistMonoVariable.ttf */ = {isa = PBXFileReference; lastKnownFileType = file; path = GeistMonoVariable.ttf; sourceTree = "<group>"; };
		E5F59C608909E8E52F4CC15A /* Inter-LICENSE.txt */ = {isa = PBXFileReference; lastKnownFileType = text; path = "Inter-LICENSE.txt"; sourceTree = "<group>"; };
/* End PBXFileReference section */

/* Begin PBXFrameworksBuildPhase section */
		32C8E4CDC3056D38CC51E678 /* Frameworks */ = {
			isa = PBXFrameworksBuildPhase;
			buildActionMask = 2147483647;
			files = (
				B223389DD6B7D6F3AF1292C6 /* TranscriberCore in Frameworks */,
				EAE5D4E4120F7F855B7ADB6D /* MLXAudioSTT in Frameworks */,
				EB0FA60A0BD3F50F9FACC252 /* MLXAudioCore in Frameworks */,
			);
			runOnlyForDeploymentPostprocessing = 0;
		};
/* End PBXFrameworksBuildPhase section */

/* Begin PBXGroup section */
		637CC253C48F5DA69FAD3A59 /* Products */ = {
			isa = PBXGroup;
			children = (
				11345C81116DC36BA7419B25 /* Scribe.app */,
			);
			name = Products;
			sourceTree = "<group>";
		};
		80ECC09A60AB563DAA7AF65E /* Fonts */ = {
			isa = PBXGroup;
			children = (
				223F8F991BFCA69CD8E77665 /* Geist-OFL.txt */,
				D8B6D8B78285F246A1264A86 /* GeistMonoVariable-Italic.ttf */,
				E1AD54C2365F26003491870B /* GeistMonoVariable.ttf */,
				18EBB27FDC7B355AA673489A /* GeistVariable-Italic.ttf */,
				A24F32984A71E09395513545 /* GeistVariable.ttf */,
				E5F59C608909E8E52F4CC15A /* Inter-LICENSE.txt */,
				1B7103EC351C0B317B030CEB /* InterVariable-Italic.ttf */,
				58A882D385FAA4B8E18A3F86 /* InterVariable.ttf */,
				AC557FEA1022E74AC7FB2AAB /* JetBrainsMono-OFL.txt */,
				24F4582EC33FD01ACF85F684 /* JetBrainsMonoVariable-Italic.ttf */,
				71044992EBA5AF0C0CFA48D2 /* JetBrainsMonoVariable.ttf */,
			);
			path = Fonts;
			sourceTree = "<group>";
		};
		999D2C993C91058EBF95E246 /* Packages */ = {
			isa = PBXGroup;
			children = (
				30394EB942C19977C42FEF94 /* scribe */,
			);
			name = Packages;
			sourceTree = "<group>";
		};
		CE0A276A257FD1674B6227E6 /* Scribe */ = {
			isa = PBXGroup;
			children = (
				3711DECCD9B3CE4D5706D0B9 /* AppDelegate.swift */,
				9FF1169DE13EDF8BFBC377C2 /* AppearanceTheme+App.swift */,
				E1389DD3A1C02E91BD83F963 /* AppIcon.icon */,
				0D9B56D3A82F894C60EF067C /* Assets.xcassets */,
				D529955956249F0700BFFD73 /* DesignSystem.swift */,
				D288AA87854E67BA12387175 /* DiagnosticsView.swift */,
				57A418554CCA692B873FA2E4 /* EndCountdownWindow.swift */,
				1E8ED07528CA7F15CB8B5834 /* OnboardingWindow.swift */,
				B90FF9FC3E0075A06756D8E9 /* PermissionRecoveryView.swift */,
				6F23A10E43C31C93C04800EE /* PrivacyAcknowledgementSheet.swift */,
				D3C468EBA4427F91A9B8B710 /* PromptModalWindow.swift */,
				030D0A67E77F17BEE72A9129 /* RecordingMenu.swift */,
				B9437F7D84ECAFD4F230BE94 /* SavedNotificationWindow.swift */,
				572ACD849DC28AE0C35FCA9B /* ScribeApp.swift */,
				45C6B78097708D59228C8C65 /* SettingsWindow.swift */,
				21F39003E93011F1694EF2DD /* StartPromptCoordinator.swift */,
				80ECC09A60AB563DAA7AF65E /* Fonts */,
			);
			path = Scribe;
			sourceTree = "<group>";
		};
		CF1A6569B97AB964E08BAAEC = {
			isa = PBXGroup;
			children = (
				999D2C993C91058EBF95E246 /* Packages */,
				CE0A276A257FD1674B6227E6 /* Scribe */,
				637CC253C48F5DA69FAD3A59 /* Products */,
			);
			sourceTree = "<group>";
		};
/* End PBXGroup section */

/* Begin PBXNativeTarget section */
		33F14FC823B69894B58E6BB8 /* Scribe */ = {
			isa = PBXNativeTarget;
			buildConfigurationList = 7AEB079BA819AB8DAB7D284C /* Build configuration list for PBXNativeTarget "Scribe" */;
			buildPhases = (
				A3C55BD5E9BF3DB4B77D78FC /* Sources */,
				CB65F06A27CFA292E58C59C8 /* Resources */,
				32C8E4CDC3056D38CC51E678 /* Frameworks */,
			);
			buildRules = (
			);
			dependencies = (
			);
			name = Scribe;
			packageProductDependencies = (
				2EDDA034869C7657525F12C7 /* TranscriberCore */,
				2F343A2DF12DC4D575CEA724 /* MLXAudioSTT */,
				BF1DD1FF53036826C2308046 /* MLXAudioCore */,
			);
			productName = Scribe;
			productReference = 11345C81116DC36BA7419B25 /* Scribe.app */;
			productType = "com.apple.product-type.application";
		};
/* End PBXNativeTarget section */

/* Begin PBXProject section */
		0911AD40AB20891FC5ABBE8B /* Project object */ = {
			isa = PBXProject;
			attributes = {
				BuildIndependentTargetsInParallel = YES;
				LastUpgradeCheck = 1430;
				TargetAttributes = {
					33F14FC823B69894B58E6BB8 = {
						ProvisioningStyle = Automatic;
					};
				};
			};
			buildConfigurationList = 9E4712121E5F29BBE87574A2 /* Build configuration list for PBXProject "Scribe" */;
			developmentRegion = en;
			hasScannedForEncodings = 0;
			knownRegions = (
				Base,
				en,
			);
			mainGroup = CF1A6569B97AB964E08BAAEC;
			minimizedProjectReferenceProxies = 1;
			packageReferences = (
				A79E7498DC22BE4916B2781B /* XCRemoteSwiftPackageReference "mlx-audio-swift" */,
				953AE7D0D2147AEBF865B983 /* XCLocalSwiftPackageReference ".." */,
			);
			preferredProjectObjectVersion = 77;
			productRefGroup = 637CC253C48F5DA69FAD3A59 /* Products */;
			projectDirPath = "";
			projectRoot = "";
			targets = (
				33F14FC823B69894B58E6BB8 /* Scribe */,
			);
		};
/* End PBXProject section */

/* Begin PBXResourcesBuildPhase section */
		CB65F06A27CFA292E58C59C8 /* Resources */ = {
			isa = PBXResourcesBuildPhase;
			buildActionMask = 2147483647;
			files = (
				01C3E6BB038B69F93DDBF257 /* AppIcon.icon in Resources */,
				F6EB18EEAA041A038DFC5752 /* Assets.xcassets in Resources */,
				2309E1022B0975FCBE460DC9 /* Geist-OFL.txt in Resources */,
				EF5D4FEAEFA414739B13C991 /* GeistMonoVariable-Italic.ttf in Resources */,
				E5C6D97873E51C84CF16DE83 /* GeistMonoVariable.ttf in Resources */,
				0C259DA1AECD94AE49A3FA58 /* GeistVariable-Italic.ttf in Resources */,
				4EF168E02CA5FD65843B8E55 /* GeistVariable.ttf in Resources */,
				C2A96AB7EE98B8202FA6E08D /* Inter-LICENSE.txt in Resources */,
				AC05914D15CD5ED7E54877EB /* InterVariable-Italic.ttf in Resources */,
				8877FAD6AC64AD127C558876 /* InterVariable.ttf in Resources */,
				3BCF9C0AD183E210838D5AB7 /* JetBrainsMono-OFL.txt in Resources */,
				4BFDDA76C0E73479FA385BC5 /* JetBrainsMonoVariable-Italic.ttf in Resources */,
				EEC5742F1E4892468EEF2EDD /* JetBrainsMonoVariable.ttf in Resources */,
			);
			runOnlyForDeploymentPostprocessing = 0;
		};
/* End PBXResourcesBuildPhase section */

/* Begin PBXSourcesBuildPhase section */
		A3C55BD5E9BF3DB4B77D78FC /* Sources */ = {
			isa = PBXSourcesBuildPhase;
			buildActionMask = 2147483647;
			files = (
				58FA6F896CE30C27264BF0D7 /* AppDelegate.swift in Sources */,
				9CD0F558E5365D845331221D /* AppearanceTheme+App.swift in Sources */,
				C88C5DC6D949DB3B9964300E /* DesignSystem.swift in Sources */,
				09D39AB01C40DFE6902AD567 /* DiagnosticsView.swift in Sources */,
				AFE235F52485B1F5D7F52259 /* EndCountdownWindow.swift in Sources */,
				7BCCA0F4C6CB7120F33561C9 /* OnboardingWindow.swift in Sources */,
				0C272D89A8C312C5F159B8C9 /* PermissionRecoveryView.swift in Sources */,
				0D516C4F502BAE0251244C28 /* PrivacyAcknowledgementSheet.swift in Sources */,
				1F0E519C3B4872D9211EF647 /* PromptModalWindow.swift in Sources */,
				AEAA426E81A7A6BBCAA85455 /* RecordingMenu.swift in Sources */,
				1C89DA0657DF0F920EB76FEE /* SavedNotificationWindow.swift in Sources */,
				C4457AFB46EBCC8F7A30D469 /* ScribeApp.swift in Sources */,
				69D35C9D594B8F1F1EB96A53 /* SettingsWindow.swift in Sources */,
				E779DA60BCB9E871BE08B542 /* StartPromptCoordinator.swift in Sources */,
			);
			runOnlyForDeploymentPostprocessing = 0;
		};
/* End PBXSourcesBuildPhase section */

/* Begin XCBuildConfiguration section */
		744AF67DB3094D104DF4907F /* Debug */ = {
			isa = XCBuildConfiguration;
			buildSettings = {
				ASSETCATALOG_COMPILER_APPICON_NAME = AppIcon;
				CODE_SIGN_ENTITLEMENTS = Scribe/Scribe.entitlements;
				CODE_SIGN_STYLE = Automatic;
				COMBINE_HIDPI_IMAGES = YES;
				ENABLE_HARDENED_RUNTIME = YES;
				GENERATE_INFOPLIST_FILE = NO;
				INFOPLIST_FILE = Scribe/Info.plist;
				LD_RUNPATH_SEARCH_PATHS = (
					"$(inherited)",
					"@executable_path/../Frameworks",
				);
				PRODUCT_BUNDLE_IDENTIFIER = com.szymonsypniewicz.scribe;
				PRODUCT_NAME = Scribe;
				SDKROOT = macosx;
			};
			name = Debug;
		};
		9F8A1B8A75D17DD51FD97E84 /* Debug */ = {
			isa = XCBuildConfiguration;
			buildSettings = {
				ALWAYS_SEARCH_USER_PATHS = NO;
				CLANG_ANALYZER_NONNULL = YES;
				CLANG_ANALYZER_NUMBER_OBJECT_CONVERSION = YES_AGGRESSIVE;
				CLANG_CXX_LANGUAGE_STANDARD = "gnu++14";
				CLANG_CXX_LIBRARY = "libc++";
				CLANG_ENABLE_MODULES = YES;
				CLANG_ENABLE_OBJC_ARC = YES;
				CLANG_ENABLE_OBJC_WEAK = YES;
				CLANG_WARN_BLOCK_CAPTURE_AUTORELEASING = YES;
				CLANG_WARN_BOOL_CONVERSION = YES;
				CLANG_WARN_COMMA = YES;
				CLANG_WARN_CONSTANT_CONVERSION = YES;
				CLANG_WARN_DEPRECATED_OBJC_IMPLEMENTATIONS = YES;
				CLANG_WARN_DIRECT_OBJC_ISA_USAGE = YES_ERROR;
				CLANG_WARN_DOCUMENTATION_COMMENTS = YES;
				CLANG_WARN_EMPTY_BODY = YES;
				CLANG_WARN_ENUM_CONVERSION = YES;
				CLANG_WARN_INFINITE_RECURSION = YES;
				CLANG_WARN_INT_CONVERSION = YES;
				CLANG_WARN_NON_LITERAL_NULL_CONVERSION = YES;
				CLANG_WARN_OBJC_IMPLICIT_RETAIN_SELF = YES;
				CLANG_WARN_OBJC_LITERAL_CONVERSION = YES;
				CLANG_WARN_OBJC_ROOT_CLASS = YES_ERROR;
				CLANG_WARN_QUOTED_INCLUDE_IN_FRAMEWORK_HEADER = YES;
				CLANG_WARN_RANGE_LOOP_ANALYSIS = YES;
				CLANG_WARN_STRICT_PROTOTYPES = YES;
				CLANG_WARN_SUSPICIOUS_MOVE = YES;
				CLANG_WARN_UNGUARDED_AVAILABILITY = YES_AGGRESSIVE;
				CLANG_WARN_UNREACHABLE_CODE = YES;
				CLANG_WARN__DUPLICATE_METHOD_MATCH = YES;
				COPY_PHASE_STRIP = NO;
				CURRENT_PROJECT_VERSION = 5;
				DEBUG_INFORMATION_FORMAT = dwarf;
				ENABLE_STRICT_OBJC_MSGSEND = YES;
				ENABLE_TESTABILITY = YES;
				GCC_C_LANGUAGE_STANDARD = gnu11;
				GCC_DYNAMIC_NO_PIC = NO;
				GCC_NO_COMMON_BLOCKS = YES;
				GCC_OPTIMIZATION_LEVEL = 0;
				GCC_PREPROCESSOR_DEFINITIONS = (
					"$(inherited)",
					"DEBUG=1",
				);
				GCC_WARN_64_TO_32_BIT_CONVERSION = YES;
				GCC_WARN_ABOUT_RETURN_TYPE = YES_ERROR;
				GCC_WARN_UNDECLARED_SELECTOR = YES;
				GCC_WARN_UNINITIALIZED_AUTOS = YES_AGGRESSIVE;
				GCC_WARN_UNUSED_FUNCTION = YES;
				GCC_WARN_UNUSED_VARIABLE = YES;
				MACOSX_DEPLOYMENT_TARGET = 15.0;
				MARKETING_VERSION = 1.0.0;
				MTL_ENABLE_DEBUG_INFO = INCLUDE_SOURCE;
				MTL_FAST_MATH = YES;
				ONLY_ACTIVE_ARCH = YES;
				PRODUCT_NAME = "$(TARGET_NAME)";
				SDKROOT = macosx;
				SWIFT_ACTIVE_COMPILATION_CONDITIONS = DEBUG;
				SWIFT_OPTIMIZATION_LEVEL = "-Onone";
				SWIFT_VERSION = 6.0;
			};
			name = Debug;
		};
		A7734ADE561C375D5F93F7CF /* Release */ = {
			isa = XCBuildConfiguration;
			buildSettings = {
				ALWAYS_SEARCH_USER_PATHS = NO;
				CLANG_ANALYZER_NONNULL = YES;
				CLANG_ANALYZER_NUMBER_OBJECT_CONVERSION = YES_AGGRESSIVE;
				CLANG_CXX_LANGUAGE_STANDARD = "gnu++14";
				CLANG_CXX_LIBRARY = "libc++";
				CLANG_ENABLE_MODULES = YES;
				CLANG_ENABLE_OBJC_ARC = YES;
				CLANG_ENABLE_OBJC_WEAK = YES;
				CLANG_WARN_BLOCK_CAPTURE_AUTORELEASING = YES;
				CLANG_WARN_BOOL_CONVERSION = YES;
				CLANG_WARN_COMMA = YES;
				CLANG_WARN_CONSTANT_CONVERSION = YES;
				CLANG_WARN_DEPRECATED_OBJC_IMPLEMENTATIONS = YES;
				CLANG_WARN_DIRECT_OBJC_ISA_USAGE = YES_ERROR;
				CLANG_WARN_DOCUMENTATION_COMMENTS = YES;
				CLANG_WARN_EMPTY_BODY = YES;
				CLANG_WARN_ENUM_CONVERSION = YES;
				CLANG_WARN_INFINITE_RECURSION = YES;
				CLANG_WARN_INT_CONVERSION = YES;
				CLANG_WARN_NON_LITERAL_NULL_CONVERSION = YES;
				CLANG_WARN_OBJC_IMPLICIT_RETAIN_SELF = YES;
				CLANG_WARN_OBJC_LITERAL_CONVERSION = YES;
				CLANG_WARN_OBJC_ROOT_CLASS = YES_ERROR;
				CLANG_WARN_QUOTED_INCLUDE_IN_FRAMEWORK_HEADER = YES;
				CLANG_WARN_RANGE_LOOP_ANALYSIS = YES;
				CLANG_WARN_STRICT_PROTOTYPES = YES;
				CLANG_WARN_SUSPICIOUS_MOVE = YES;
				CLANG_WARN_UNGUARDED_AVAILABILITY = YES_AGGRESSIVE;
				CLANG_WARN_UNREACHABLE_CODE = YES;
				CLANG_WARN__DUPLICATE_METHOD_MATCH = YES;
				COPY_PHASE_STRIP = NO;
				CURRENT_PROJECT_VERSION = 5;
				DEBUG_INFORMATION_FORMAT = "dwarf-with-dsym";
				ENABLE_NS_ASSERTIONS = NO;
				ENABLE_STRICT_OBJC_MSGSEND = YES;
				GCC_C_LANGUAGE_STANDARD = gnu11;
				GCC_NO_COMMON_BLOCKS = YES;
				GCC_WARN_64_TO_32_BIT_CONVERSION = YES;
				GCC_WARN_ABOUT_RETURN_TYPE = YES_ERROR;
				GCC_WARN_UNDECLARED_SELECTOR = YES;
				GCC_WARN_UNINITIALIZED_AUTOS = YES_AGGRESSIVE;
				GCC_WARN_UNUSED_FUNCTION = YES;
				GCC_WARN_UNUSED_VARIABLE = YES;
				MACOSX_DEPLOYMENT_TARGET = 15.0;
				MARKETING_VERSION = 1.0.0;
				MTL_ENABLE_DEBUG_INFO = NO;
				MTL_FAST_MATH = YES;
				PRODUCT_NAME = "$(TARGET_NAME)";
				SDKROOT = macosx;
				SWIFT_COMPILATION_MODE = wholemodule;
				SWIFT_OPTIMIZATION_LEVEL = "-O";
				SWIFT_VERSION = 6.0;
			};
			name = Release;
		};
		DCABE6504E02D2E1270AA4AE /* Release */ = {
			isa = XCBuildConfiguration;
			buildSettings = {
				ASSETCATALOG_COMPILER_APPICON_NAME = AppIcon;
				CODE_SIGN_ENTITLEMENTS = Scribe/Scribe.entitlements;
				CODE_SIGN_STYLE = Automatic;
				COMBINE_HIDPI_IMAGES = YES;
				ENABLE_HARDENED_RUNTIME = YES;
				GENERATE_INFOPLIST_FILE = NO;
				INFOPLIST_FILE = Scribe/Info.plist;
				LD_RUNPATH_SEARCH_PATHS = (
					"$(inherited)",
					"@executable_path/../Frameworks",
				);
				PRODUCT_BUNDLE_IDENTIFIER = com.szymonsypniewicz.scribe;
				PRODUCT_NAME = Scribe;
				SDKROOT = macosx;
			};
			name = Release;
		};
/* End XCBuildConfiguration section */

/* Begin XCConfigurationList section */
		7AEB079BA819AB8DAB7D284C /* Build configuration list for PBXNativeTarget "Scribe" */ = {
			isa = XCConfigurationList;
			buildConfigurations = (
				744AF67DB3094D104DF4907F /* Debug */,
				DCABE6504E02D2E1270AA4AE /* Release */,
			);
			defaultConfigurationIsVisible = 0;
			defaultConfigurationName = Debug;
		};
		9E4712121E5F29BBE87574A2 /* Build configuration list for PBXProject "Scribe" */ = {
			isa = XCConfigurationList;
			buildConfigurations = (
				9F8A1B8A75D17DD51FD97E84 /* Debug */,
				A7734ADE561C375D5F93F7CF /* Release */,
			);
			defaultConfigurationIsVisible = 0;
			defaultConfigurationName = Debug;
		};
/* End XCConfigurationList section */

/* Begin XCLocalSwiftPackageReference section */
		953AE7D0D2147AEBF865B983 /* XCLocalSwiftPackageReference ".." */ = {
			isa = XCLocalSwiftPackageReference;
			relativePath = ..;
		};
/* End XCLocalSwiftPackageReference section */

/* Begin XCRemoteSwiftPackageReference section */
		A79E7498DC22BE4916B2781B /* XCRemoteSwiftPackageReference "mlx-audio-swift" */ = {
			isa = XCRemoteSwiftPackageReference;
			repositoryURL = "https://github.com/Newarr/mlx-audio-swift.git";
			requirement = {
				kind = revision;
				revision = b8ec43083e4c5535594dbf9274893f9e6fe4a506;
			};
		};
/* End XCRemoteSwiftPackageReference section */

/* Begin XCSwiftPackageProductDependency section */
		2EDDA034869C7657525F12C7 /* TranscriberCore */ = {
			isa = XCSwiftPackageProductDependency;
			productName = TranscriberCore;
		};
		2F343A2DF12DC4D575CEA724 /* MLXAudioSTT */ = {
			isa = XCSwiftPackageProductDependency;
			package = A79E7498DC22BE4916B2781B /* XCRemoteSwiftPackageReference "mlx-audio-swift" */;
			productName = MLXAudioSTT;
		};
		BF1DD1FF53036826C2308046 /* MLXAudioCore */ = {
			isa = XCSwiftPackageProductDependency;
			package = A79E7498DC22BE4916B2781B /* XCRemoteSwiftPackageReference "mlx-audio-swift" */;
			productName = MLXAudioCore;
		};
/* End XCSwiftPackageProductDependency section */
	};
	rootObject = 0911AD40AB20891FC5ABBE8B /* Project object */;
}
