// !$*UTF8*$!
{
	archiveVersion = 1;
	classes = {
	};
	objectVersion = 77;
	objects = {

/* Begin PBXBuildFile section */
		047F65E7D975BFDF080D4EBA /* StartPromptCoordinator.swift in Sources */ = {isa = PBXBuildFile; fileRef = 648C7F4AE87B13EDE4CF4902 /* StartPromptCoordinator.swift */; };
		7D08421B40D8989D2A21BAB5 /* TranscriberCore in Frameworks */ = {isa = PBXBuildFile; productRef = 2618B02429CF40AB556350E9 /* TranscriberCore */; };
		CA5040E2E8FD92BA45B59EDB /* TranscriberApp.swift in Sources */ = {isa = PBXBuildFile; fileRef = 4F417E429B2D0B94C7FCC303 /* TranscriberApp.swift */; };
		D2F7CCFF00CB1813810582E0 /* AppDelegate.swift in Sources */ = {isa = PBXBuildFile; fileRef = 6231D1634E71B6EB11AED4EB /* AppDelegate.swift */; };
		E91A4B5CF9123F5687F195A1 /* RecordingMenu.swift in Sources */ = {isa = PBXBuildFile; fileRef = 1B8AD4810831F8F27ABEC71D /* RecordingMenu.swift */; };
/* End PBXBuildFile section */

/* Begin PBXFileReference section */
		1B8AD4810831F8F27ABEC71D /* RecordingMenu.swift */ = {isa = PBXFileReference; lastKnownFileType = sourcecode.swift; path = RecordingMenu.swift; sourceTree = "<group>"; };
		1BB2243F5E3EF874F39788C4 /* TranscriberApp.app */ = {isa = PBXFileReference; explicitFileType = wrapper.application; includeInIndex = 0; path = TranscriberApp.app; sourceTree = BUILT_PRODUCTS_DIR; };
		4F417E429B2D0B94C7FCC303 /* TranscriberApp.swift */ = {isa = PBXFileReference; lastKnownFileType = sourcecode.swift; path = TranscriberApp.swift; sourceTree = "<group>"; };
		6231D1634E71B6EB11AED4EB /* AppDelegate.swift */ = {isa = PBXFileReference; lastKnownFileType = sourcecode.swift; path = AppDelegate.swift; sourceTree = "<group>"; };
		648C7F4AE87B13EDE4CF4902 /* StartPromptCoordinator.swift */ = {isa = PBXFileReference; lastKnownFileType = sourcecode.swift; path = StartPromptCoordinator.swift; sourceTree = "<group>"; };
		9CA168AE9FF42ED092E7F6BE /* transcriber */ = {isa = PBXFileReference; lastKnownFileType = folder; name = transcriber; path = ..; sourceTree = SOURCE_ROOT; };
/* End PBXFileReference section */

/* Begin PBXFrameworksBuildPhase section */
		D45B073A9BBC8E84F7EBF3C9 /* Frameworks */ = {
			isa = PBXFrameworksBuildPhase;
			buildActionMask = 2147483647;
			files = (
				7D08421B40D8989D2A21BAB5 /* TranscriberCore in Frameworks */,
			);
			runOnlyForDeploymentPostprocessing = 0;
		};
/* End PBXFrameworksBuildPhase section */

/* Begin PBXGroup section */
		167EBA03B456E3C593ABA0F8 = {
			isa = PBXGroup;
			children = (
				9E96B7886CC5431986BAC4CB /* Packages */,
				977739647A908E94C25F24B0 /* TranscriberApp */,
				5F5068FD522AB26874B49219 /* Products */,
			);
			sourceTree = "<group>";
		};
		5F5068FD522AB26874B49219 /* Products */ = {
			isa = PBXGroup;
			children = (
				1BB2243F5E3EF874F39788C4 /* TranscriberApp.app */,
			);
			name = Products;
			sourceTree = "<group>";
		};
		977739647A908E94C25F24B0 /* TranscriberApp */ = {
			isa = PBXGroup;
			children = (
				6231D1634E71B6EB11AED4EB /* AppDelegate.swift */,
				1B8AD4810831F8F27ABEC71D /* RecordingMenu.swift */,
				648C7F4AE87B13EDE4CF4902 /* StartPromptCoordinator.swift */,
				4F417E429B2D0B94C7FCC303 /* TranscriberApp.swift */,
			);
			path = TranscriberApp;
			sourceTree = "<group>";
		};
		9E96B7886CC5431986BAC4CB /* Packages */ = {
			isa = PBXGroup;
			children = (
				9CA168AE9FF42ED092E7F6BE /* transcriber */,
			);
			name = Packages;
			sourceTree = "<group>";
		};
/* End PBXGroup section */

/* Begin PBXNativeTarget section */
		071E6190A36E29EE8B9EAA32 /* TranscriberApp */ = {
			isa = PBXNativeTarget;
			buildConfigurationList = D4E1982AF8BD260AAEA4B630 /* Build configuration list for PBXNativeTarget "TranscriberApp" */;
			buildPhases = (
				924654D75457D9E0DFFC7B34 /* Sources */,
				D45B073A9BBC8E84F7EBF3C9 /* Frameworks */,
			);
			buildRules = (
			);
			dependencies = (
			);
			name = TranscriberApp;
			packageProductDependencies = (
				2618B02429CF40AB556350E9 /* TranscriberCore */,
			);
			productName = TranscriberApp;
			productReference = 1BB2243F5E3EF874F39788C4 /* TranscriberApp.app */;
			productType = "com.apple.product-type.application";
		};
/* End PBXNativeTarget section */

/* Begin PBXProject section */
		CDA95F30F5921FE1556FE8CB /* Project object */ = {
			isa = PBXProject;
			attributes = {
				BuildIndependentTargetsInParallel = YES;
				LastUpgradeCheck = 1430;
				TargetAttributes = {
					071E6190A36E29EE8B9EAA32 = {
						ProvisioningStyle = Automatic;
					};
				};
			};
			buildConfigurationList = 5A5DA0A86223DE94D61C2CDC /* Build configuration list for PBXProject "TranscriberApp" */;
			developmentRegion = en;
			hasScannedForEncodings = 0;
			knownRegions = (
				Base,
				en,
			);
			mainGroup = 167EBA03B456E3C593ABA0F8;
			minimizedProjectReferenceProxies = 1;
			packageReferences = (
				1F914CE4FA5CB98F2A984F0A /* XCLocalSwiftPackageReference ".." */,
			);
			preferredProjectObjectVersion = 77;
			productRefGroup = 5F5068FD522AB26874B49219 /* Products */;
			projectDirPath = "";
			projectRoot = "";
			targets = (
				071E6190A36E29EE8B9EAA32 /* TranscriberApp */,
			);
		};
/* End PBXProject section */

/* Begin PBXSourcesBuildPhase section */
		924654D75457D9E0DFFC7B34 /* Sources */ = {
			isa = PBXSourcesBuildPhase;
			buildActionMask = 2147483647;
			files = (
				D2F7CCFF00CB1813810582E0 /* AppDelegate.swift in Sources */,
				E91A4B5CF9123F5687F195A1 /* RecordingMenu.swift in Sources */,
				047F65E7D975BFDF080D4EBA /* StartPromptCoordinator.swift in Sources */,
				CA5040E2E8FD92BA45B59EDB /* TranscriberApp.swift in Sources */,
			);
			runOnlyForDeploymentPostprocessing = 0;
		};
/* End PBXSourcesBuildPhase section */

/* Begin XCBuildConfiguration section */
		594D63BE54E7C844105896BC /* Release */ = {
			isa = XCBuildConfiguration;
			buildSettings = {
				ALWAYS_SEARCH_USER_PATHS = NO;
				CLANG_ANALYZER_NONNULL = YES;
				CLANG_ANALYZER_NUMBER_OBJECT_CONVERSION = YES_AGGRESSIVE;
				CLANG_CXX_LANGUAGE_STANDARD = "gnu++14";
				CLANG_CXX_LIBRARY = "libc++";
				CLANG_ENABLE_MODULES = YES;
				CLANG_ENABLE_OBJC_ARC = YES;
				CLANG_ENABLE_OBJC_WEAK = YES;
				CLANG_WARN_BLOCK_CAPTURE_AUTORELEASING = YES;
				CLANG_WARN_BOOL_CONVERSION = YES;
				CLANG_WARN_COMMA = YES;
				CLANG_WARN_CONSTANT_CONVERSION = YES;
				CLANG_WARN_DEPRECATED_OBJC_IMPLEMENTATIONS = YES;
				CLANG_WARN_DIRECT_OBJC_ISA_USAGE = YES_ERROR;
				CLANG_WARN_DOCUMENTATION_COMMENTS = YES;
				CLANG_WARN_EMPTY_BODY = YES;
				CLANG_WARN_ENUM_CONVERSION = YES;
				CLANG_WARN_INFINITE_RECURSION = YES;
				CLANG_WARN_INT_CONVERSION = YES;
				CLANG_WARN_NON_LITERAL_NULL_CONVERSION = YES;
				CLANG_WARN_OBJC_IMPLICIT_RETAIN_SELF = YES;
				CLANG_WARN_OBJC_LITERAL_CONVERSION = YES;
				CLANG_WARN_OBJC_ROOT_CLASS = YES_ERROR;
				CLANG_WARN_QUOTED_INCLUDE_IN_FRAMEWORK_HEADER = YES;
				CLANG_WARN_RANGE_LOOP_ANALYSIS = YES;
				CLANG_WARN_STRICT_PROTOTYPES = YES;
				CLANG_WARN_SUSPICIOUS_MOVE = YES;
				CLANG_WARN_UNGUARDED_AVAILABILITY = YES_AGGRESSIVE;
				CLANG_WARN_UNREACHABLE_CODE = YES;
				CLANG_WARN__DUPLICATE_METHOD_MATCH = YES;
				COPY_PHASE_STRIP = NO;
				CURRENT_PROJECT_VERSION = 1;
				DEBUG_INFORMATION_FORMAT = "dwarf-with-dsym";
				ENABLE_NS_ASSERTIONS = NO;
				ENABLE_STRICT_OBJC_MSGSEND = YES;
				GCC_C_LANGUAGE_STANDARD = gnu11;
				GCC_NO_COMMON_BLOCKS = YES;
				GCC_WARN_64_TO_32_BIT_CONVERSION = YES;
				GCC_WARN_ABOUT_RETURN_TYPE = YES_ERROR;
				GCC_WARN_UNDECLARED_SELECTOR = YES;
				GCC_WARN_UNINITIALIZED_AUTOS = YES_AGGRESSIVE;
				GCC_WARN_UNUSED_FUNCTION = YES;
				GCC_WARN_UNUSED_VARIABLE = YES;
				MACOSX_DEPLOYMENT_TARGET = 15.0;
				MARKETING_VERSION = 0.0.1;
				MTL_ENABLE_DEBUG_INFO = NO;
				MTL_FAST_MATH = YES;
				PRODUCT_NAME = "$(TARGET_NAME)";
				SDKROOT = macosx;
				SWIFT_COMPILATION_MODE = wholemodule;
				SWIFT_OPTIMIZATION_LEVEL = "-O";
				SWIFT_VERSION = 6.0;
			};
			name = Release;
		};
		8740B253A4093E6EC60BBE34 /* Debug */ = {
			isa = XCBuildConfiguration;
			buildSettings = {
				ASSETCATALOG_COMPILER_APPICON_NAME = AppIcon;
				CODE_SIGN_ENTITLEMENTS = TranscriberApp/TranscriberApp.entitlements;
				CODE_SIGN_STYLE = Automatic;
				COMBINE_HIDPI_IMAGES = YES;
				ENABLE_HARDENED_RUNTIME = YES;
				GENERATE_INFOPLIST_FILE = NO;
				INFOPLIST_FILE = TranscriberApp/Info.plist;
				LD_RUNPATH_SEARCH_PATHS = (
					"$(inherited)",
					"@executable_path/../Frameworks",
				);
				PRODUCT_BUNDLE_IDENTIFIER = com.szymonsypniewicz.transcriber;
				PRODUCT_NAME = TranscriberApp;
				SDKROOT = macosx;
			};
			name = Debug;
		};
		AA2300451B7FBB052E3C6A40 /* Debug */ = {
			isa = XCBuildConfiguration;
			buildSettings = {
				ALWAYS_SEARCH_USER_PATHS = NO;
				CLANG_ANALYZER_NONNULL = YES;
				CLANG_ANALYZER_NUMBER_OBJECT_CONVERSION = YES_AGGRESSIVE;
				CLANG_CXX_LANGUAGE_STANDARD = "gnu++14";
				CLANG_CXX_LIBRARY = "libc++";
				CLANG_ENABLE_MODULES = YES;
				CLANG_ENABLE_OBJC_ARC = YES;
				CLANG_ENABLE_OBJC_WEAK = YES;
				CLANG_WARN_BLOCK_CAPTURE_AUTORELEASING = YES;
				CLANG_WARN_BOOL_CONVERSION = YES;
				CLANG_WARN_COMMA = YES;
				CLANG_WARN_CONSTANT_CONVERSION = YES;
				CLANG_WARN_DEPRECATED_OBJC_IMPLEMENTATIONS = YES;
				CLANG_WARN_DIRECT_OBJC_ISA_USAGE = YES_ERROR;
				CLANG_WARN_DOCUMENTATION_COMMENTS = YES;
				CLANG_WARN_EMPTY_BODY = YES;
				CLANG_WARN_ENUM_CONVERSION = YES;
				CLANG_WARN_INFINITE_RECURSION = YES;
				CLANG_WARN_INT_CONVERSION = YES;
				CLANG_WARN_NON_LITERAL_NULL_CONVERSION = YES;
				CLANG_WARN_OBJC_IMPLICIT_RETAIN_SELF = YES;
				CLANG_WARN_OBJC_LITERAL_CONVERSION = YES;
				CLANG_WARN_OBJC_ROOT_CLASS = YES_ERROR;
				CLANG_WARN_QUOTED_INCLUDE_IN_FRAMEWORK_HEADER = YES;
				CLANG_WARN_RANGE_LOOP_ANALYSIS = YES;
				CLANG_WARN_STRICT_PROTOTYPES = YES;
				CLANG_WARN_SUSPICIOUS_MOVE = YES;
				CLANG_WARN_UNGUARDED_AVAILABILITY = YES_AGGRESSIVE;
				CLANG_WARN_UNREACHABLE_CODE = YES;
				CLANG_WARN__DUPLICATE_METHOD_MATCH = YES;
				COPY_PHASE_STRIP = NO;
				CURRENT_PROJECT_VERSION = 1;
				DEBUG_INFORMATION_FORMAT = dwarf;
				ENABLE_STRICT_OBJC_MSGSEND = YES;
				ENABLE_TESTABILITY = YES;
				GCC_C_LANGUAGE_STANDARD = gnu11;
				GCC_DYNAMIC_NO_PIC = NO;
				GCC_NO_COMMON_BLOCKS = YES;
				GCC_OPTIMIZATION_LEVEL = 0;
				GCC_PREPROCESSOR_DEFINITIONS = (
					"$(inherited)",
					"DEBUG=1",
				);
				GCC_WARN_64_TO_32_BIT_CONVERSION = YES;
				GCC_WARN_ABOUT_RETURN_TYPE = YES_ERROR;
				GCC_WARN_UNDECLARED_SELECTOR = YES;
				GCC_WARN_UNINITIALIZED_AUTOS = YES_AGGRESSIVE;
				GCC_WARN_UNUSED_FUNCTION = YES;
				GCC_WARN_UNUSED_VARIABLE = YES;
				MACOSX_DEPLOYMENT_TARGET = 15.0;
				MARKETING_VERSION = 0.0.1;
				MTL_ENABLE_DEBUG_INFO = INCLUDE_SOURCE;
				MTL_FAST_MATH = YES;
				ONLY_ACTIVE_ARCH = YES;
				PRODUCT_NAME = "$(TARGET_NAME)";
				SDKROOT = macosx;
				SWIFT_ACTIVE_COMPILATION_CONDITIONS = DEBUG;
				SWIFT_OPTIMIZATION_LEVEL = "-Onone";
				SWIFT_VERSION = 6.0;
			};
			name = Debug;
		};
		E322ED460C2CFD61C9B8F535 /* Release */ = {
			isa = XCBuildConfiguration;
			buildSettings = {
				ASSETCATALOG_COMPILER_APPICON_NAME = AppIcon;
				CODE_SIGN_ENTITLEMENTS = TranscriberApp/TranscriberApp.entitlements;
				CODE_SIGN_STYLE = Automatic;
				COMBINE_HIDPI_IMAGES = YES;
				ENABLE_HARDENED_RUNTIME = YES;
				GENERATE_INFOPLIST_FILE = NO;
				INFOPLIST_FILE = TranscriberApp/Info.plist;
				LD_RUNPATH_SEARCH_PATHS = (
					"$(inherited)",
					"@executable_path/../Frameworks",
				);
				PRODUCT_BUNDLE_IDENTIFIER = com.szymonsypniewicz.transcriber;
				PRODUCT_NAME = TranscriberApp;
				SDKROOT = macosx;
			};
			name = Release;
		};
/* End XCBuildConfiguration section */

/* Begin XCConfigurationList section */
		5A5DA0A86223DE94D61C2CDC /* Build configuration list for PBXProject "TranscriberApp" */ = {
			isa = XCConfigurationList;
			buildConfigurations = (
				AA2300451B7FBB052E3C6A40 /* Debug */,
				594D63BE54E7C844105896BC /* Release */,
			);
			defaultConfigurationIsVisible = 0;
			defaultConfigurationName = Debug;
		};
		D4E1982AF8BD260AAEA4B630 /* Build configuration list for PBXNativeTarget "TranscriberApp" */ = {
			isa = XCConfigurationList;
			buildConfigurations = (
				8740B253A4093E6EC60BBE34 /* Debug */,
				E322ED460C2CFD61C9B8F535 /* Release */,
			);
			defaultConfigurationIsVisible = 0;
			defaultConfigurationName = Debug;
		};
/* End XCConfigurationList section */

/* Begin XCLocalSwiftPackageReference section */
		1F914CE4FA5CB98F2A984F0A /* XCLocalSwiftPackageReference ".." */ = {
			isa = XCLocalSwiftPackageReference;
			relativePath = ..;
		};
/* End XCLocalSwiftPackageReference section */

/* Begin XCSwiftPackageProductDependency section */
		2618B02429CF40AB556350E9 /* TranscriberCore */ = {
			isa = XCSwiftPackageProductDependency;
			productName = TranscriberCore;
		};
/* End XCSwiftPackageProductDependency section */
	};
	rootObject = CDA95F30F5921FE1556FE8CB /* Project object */;
}
